{
  "name": "main",
  "version": "1.0.0",
  "lockfileVersion": 3,
  "requires": true,
  "packages": {
    "": {
      "name": "main",
      "version": "1.0.0",
      "dependencies": {
        "@fullcalendar/core": "^6.1.15",
        "@fullcalendar/resource-daygrid": "^6.1.15"
      }
    },
    "node_modules/@fullcalendar/core": {
      "version": "6.1.15",
      "resolved": "https://registry.npmjs.org/@fullcalendar/core/-/core-6.1.15.tgz",
      "integrity": "sha512-BuX7o6ALpLb84cMw1FCB9/cSgF4JbVO894cjJZ6kP74jzbUZNjtwffwRdA+Id8rrLjT30d/7TrkW90k4zbXB5Q==",
      "dependencies": {
        "preact": "~10.12.1"
      }
    },
    "node_modules/@fullcalendar/daygrid": {
      "version": "6.1.15",
      "resolved": "https://registry.npmjs.org/@fullcalendar/daygrid/-/daygrid-6.1.15.tgz",
      "integrity": "sha512-j8tL0HhfiVsdtOCLfzK2J0RtSkiad3BYYemwQKq512cx6btz6ZZ2RNc/hVnIxluuWFyvx5sXZwoeTJsFSFTEFA==",
      "peerDependencies": {
        "@fullcalendar/core": "~6.1.15"
      }
    },
    "node_modules/@fullcalendar/premium-common": {
      "version": "6.1.15",
      "resolved": "https://registry.npmjs.org/@fullcalendar/premium-common/-/premium-common-6.1.15.tgz",
      "integrity": "sha512-IwUHptHNzWDOgAsXLoBntGxmbfCKvUy6iYFMCP3F3ahbG58E0PJMYsXvgw+NaA7Cz4gcQoVHioGjIFgQqs3Keg==",
      "peerDependencies": {
        "@fullcalendar/core": "~6.1.15"
      }
    },
    "node_modules/@fullcalendar/resource": {
      "version": "6.1.15",
      "resolved": "https://registry.npmjs.org/@fullcalendar/resource/-/resource-6.1.15.tgz",
      "integrity": "sha512-s9Rz3HNDQWBYCG+V4wqg8x5+UTD5kC3S2poq+5zwbPeyWT8+FEILikQZIgfESX70Z4fn8bBlLJ04Jd/LijfqWw==",
      "peer": true,
      "dependencies": {
        "@fullcalendar/premium-common": "~6.1.15"
      },
      "peerDependencies": {
        "@fullcalendar/core": "~6.1.15"
      }
    },
    "node_modules/@fullcalendar/resource-daygrid": {
      "version": "6.1.15",
      "resolved": "https://registry.npmjs.org/@fullcalendar/resource-daygrid/-/resource-daygrid-6.1.15.tgz",
      "integrity": "sha512-4SVfr2Gf0KtLkW56U9gCXf8Jrug8CDJ81g0KMCTbTsaqrIdQ0DKWc0O5+4UVvibwUeh2jWQNIVXXOoPQ5lDHhQ==",
      "dependencies": {
        "@fullcalendar/daygrid": "~6.1.15",
        "@fullcalendar/premium-common": "~6.1.15"
      },
      "peerDependencies": {
        "@fullcalendar/core": "~6.1.15",
        "@fullcalendar/resource": "~6.1.15"
      }
    },
    "node_modules/preact": {
      "version": "10.12.1",
      "resolved": "https://registry.npmjs.org/preact/-/preact-10.12.1.tgz",
      "integrity": "sha512-l8386ixSsBdbreOAkqtrwqHwdvR35ID8c3rKPa8lCWuO86dBi32QWHV4vfsZK1utLLFMvw+Z5Ad4XLkZzchscg==",
      "funding": {
        "type": "opencollective",
        "url": "https://opencollective.com/preact"
      }
    }
  }
}
